
Microsoft Visual Studio Solution File, Format Version 12.00
# Visual Studio Version 17
VisualStudioVersion = 17.1.32414.318
MinimumVisualStudioVersion = 10.0.40219.1
Project("{9A19103F-16F7-4668-BE54-9A1E7A4F7556}") = "JobTask.Domain", "JobTask.Domain\JobTask.Domain.csproj", "{BE7C732B-C8CF-4F7A-AC4B-31912823A83A}"
EndProject
Project("{9A19103F-16F7-4668-BE54-9A1E7A4F7556}") = "JobTask.API", "JobTask.API\JobTask.API.csproj", "{4D9B5341-EDD2-4063-9705-043B7446AB67}"
EndProject
Project("{9A19103F-16F7-4668-BE54-9A1E7A4F7556}") = "JobTask.Service", "JobTask.Service\JobTask.Service.csproj", "{6C9EFF95-8BCE-46F7-AC26-3B35FE93A6B7}"
EndProject
Project("{9A19103F-16F7-4668-BE54-9A1E7A4F7556}") = "JobTask.Data", "JobTask.Data\JobTask.Data.csproj", "{854EE0F6-D61D-476A-AC5A-52D39745FA24}"
EndProject
Global
	GlobalSection(SolutionConfigurationPlatforms) = preSolution
		Debug|Any CPU = Debug|Any CPU
		Release|Any CPU = Release|Any CPU
	EndGlobalSection
	GlobalSection(ProjectConfigurationPlatforms) = postSolution
		{BE7C732B-C8CF-4F7A-AC4B-31912823A83A}.Debug|Any CPU.ActiveCfg = Debug|Any CPU
		{BE7C732B-C8CF-4F7A-AC4B-31912823A83A}.Debug|Any CPU.Build.0 = Debug|Any CPU
		{BE7C732B-C8CF-4F7A-AC4B-31912823A83A}.Release|Any CPU.ActiveCfg = Release|Any CPU
		{BE7C732B-C8CF-4F7A-AC4B-31912823A83A}.Release|Any CPU.Build.0 = Release|Any CPU
		{4D9B5341-EDD2-4063-9705-043B7446AB67}.Debug|Any CPU.ActiveCfg = Debug|Any CPU
		{4D9B5341-EDD2-4063-9705-043B7446AB67}.Debug|Any CPU.Build.0 = Debug|Any CPU
		{4D9B5341-EDD2-4063-9705-043B7446AB67}.Release|Any CPU.ActiveCfg = Release|Any CPU
		{4D9B5341-EDD2-4063-9705-043B7446AB67}.Release|Any CPU.Build.0 = Release|Any CPU
		{6C9EFF95-8BCE-46F7-AC26-3B35FE93A6B7}.Debug|Any CPU.ActiveCfg = Debug|Any CPU
		{6C9EFF95-8BCE-46F7-AC26-3B35FE93A6B7}.Debug|Any CPU.Build.0 = Debug|Any CPU
		{6C9EFF95-8BCE-46F7-AC26-3B35FE93A6B7}.Release|Any CPU.ActiveCfg = Release|Any CPU
		{6C9EFF95-8BCE-46F7-AC26-3B35FE93A6B7}.Release|Any CPU.Build.0 = Release|Any CPU
		{854EE0F6-D61D-476A-AC5A-52D39745FA24}.Debug|Any CPU.ActiveCfg = Debug|Any CPU
		{854EE0F6-D61D-476A-AC5A-52D39745FA24}.Debug|Any CPU.Build.0 = Debug|Any CPU
		{854EE0F6-D61D-476A-AC5A-52D39745FA24}.Release|Any CPU.ActiveCfg = Release|Any CPU
		{854EE0F6-D61D-476A-AC5A-52D39745FA24}.Release|Any CPU.Build.0 = Release|Any CPU
	EndGlobalSection
	GlobalSection(SolutionProperties) = preSolution
		HideSolutionNode = FALSE
	EndGlobalSection
	GlobalSection(ExtensibilityGlobals) = postSolution
		SolutionGuid = {101D4FAB-88EE-41E5-855F-D25CDEA07B19}
	EndGlobalSection
EndGlobal
